
Microsoft Visual Studio Solution File, Format Version 12.00
# Visual Studio 14
VisualStudioVersion = 14.0.25420.1
MinimumVisualStudioVersion = 10.0.40219.1
Project("{2150E333-8FDC-42A3-9474-1A3956D46DE8}") = "src", "src", "{E907603C-BC6E-43D4-9646-37F43934FB79}"
EndProject
Project("{2150E333-8FDC-42A3-9474-1A3956D46DE8}") = "Solution Items", "Solution Items", "{841C9FD6-C051-4142-A373-15BDB2025B64}"
	ProjectSection(SolutionItems) = preProject
		global.json = global.json
	EndProjectSection
EndProject
Project("{FAE04EC0-301F-11D3-BF4B-00C04F79EFBC}") = "Pretire", "Pretire\Pretire.csproj", "{248FA102-E643-468C-8026-CCA3C01DAEE8}"
EndProject
Project("{FAE04EC0-301F-11D3-BF4B-00C04F79EFBC}") = "Pretire.Tests", "Pretire.Tests\Pretire.Tests.csproj", "{B206E9CB-ABEF-4650-8ED0-690E43E1AC9F}"
EndProject
Project("{FAE04EC0-301F-11D3-BF4B-00C04F79EFBC}") = "Pretire.Logic", "Pretire.Logic\Pretire.Logic.csproj", "{D4255303-3B18-4D26-A863-C2AE25FA4978}"
EndProject
Project("{FAE04EC0-301F-11D3-BF4B-00C04F79EFBC}") = "Pretire.Logic.Tests", "Pretire.Logic.Tests\Pretire.Logic.Tests.csproj", "{F3066267-D44A-4863-874A-0C00F371F160}"
EndProject
Project("{2150E333-8FDC-42A3-9474-1A3956D46DE8}") = "tests", "tests", "{DA1A8E08-EF57-4102-A817-752EF0A025DB}"
EndProject
Project("{FAE04EC0-301F-11D3-BF4B-00C04F79EFBC}") = "Pretire.Sandbox", "Pretire.Sandbox\Pretire.Sandbox.csproj", "{92151501-491D-4F50-8E79-6F817A3FF5C7}"
EndProject
Project("{FAE04EC0-301F-11D3-BF4B-00C04F79EFBC}") = "Brian.Common", "Brian.Common\Brian.Common.csproj", "{5A1E3964-9527-43FC-975F-40583D14DF0D}"
EndProject
Project("{FAE04EC0-301F-11D3-BF4B-00C04F79EFBC}") = "Pretire.Data", "Pretire.Data\Pretire.Data.csproj", "{33FA0A32-7CEF-4223-A9EF-39B97E33878F}"
EndProject
Global
	GlobalSection(SolutionConfigurationPlatforms) = preSolution
		Debug|Any CPU = Debug|Any CPU
		Release|Any CPU = Release|Any CPU
	EndGlobalSection
	GlobalSection(ProjectConfigurationPlatforms) = postSolution
		{248FA102-E643-468C-8026-CCA3C01DAEE8}.Debug|Any CPU.ActiveCfg = Debug|Any CPU
		{248FA102-E643-468C-8026-CCA3C01DAEE8}.Debug|Any CPU.Build.0 = Debug|Any CPU
		{248FA102-E643-468C-8026-CCA3C01DAEE8}.Release|Any CPU.ActiveCfg = Release|Any CPU
		{248FA102-E643-468C-8026-CCA3C01DAEE8}.Release|Any CPU.Build.0 = Release|Any CPU
		{B206E9CB-ABEF-4650-8ED0-690E43E1AC9F}.Debug|Any CPU.ActiveCfg = Debug|Any CPU
		{B206E9CB-ABEF-4650-8ED0-690E43E1AC9F}.Debug|Any CPU.Build.0 = Debug|Any CPU
		{B206E9CB-ABEF-4650-8ED0-690E43E1AC9F}.Release|Any CPU.ActiveCfg = Release|Any CPU
		{B206E9CB-ABEF-4650-8ED0-690E43E1AC9F}.Release|Any CPU.Build.0 = Release|Any CPU
		{D4255303-3B18-4D26-A863-C2AE25FA4978}.Debug|Any CPU.ActiveCfg = Debug|Any CPU
		{D4255303-3B18-4D26-A863-C2AE25FA4978}.Debug|Any CPU.Build.0 = Debug|Any CPU
		{D4255303-3B18-4D26-A863-C2AE25FA4978}.Release|Any CPU.ActiveCfg = Release|Any CPU
		{D4255303-3B18-4D26-A863-C2AE25FA4978}.Release|Any CPU.Build.0 = Release|Any CPU
		{F3066267-D44A-4863-874A-0C00F371F160}.Debug|Any CPU.ActiveCfg = Debug|Any CPU
		{F3066267-D44A-4863-874A-0C00F371F160}.Debug|Any CPU.Build.0 = Debug|Any CPU
		{F3066267-D44A-4863-874A-0C00F371F160}.Release|Any CPU.ActiveCfg = Release|Any CPU
		{F3066267-D44A-4863-874A-0C00F371F160}.Release|Any CPU.Build.0 = Release|Any CPU
		{92151501-491D-4F50-8E79-6F817A3FF5C7}.Debug|Any CPU.ActiveCfg = Debug|Any CPU
		{92151501-491D-4F50-8E79-6F817A3FF5C7}.Debug|Any CPU.Build.0 = Debug|Any CPU
		{92151501-491D-4F50-8E79-6F817A3FF5C7}.Release|Any CPU.ActiveCfg = Release|Any CPU
		{92151501-491D-4F50-8E79-6F817A3FF5C7}.Release|Any CPU.Build.0 = Release|Any CPU
		{5A1E3964-9527-43FC-975F-40583D14DF0D}.Debug|Any CPU.ActiveCfg = Debug|Any CPU
		{5A1E3964-9527-43FC-975F-40583D14DF0D}.Debug|Any CPU.Build.0 = Debug|Any CPU
		{5A1E3964-9527-43FC-975F-40583D14DF0D}.Release|Any CPU.ActiveCfg = Release|Any CPU
		{5A1E3964-9527-43FC-975F-40583D14DF0D}.Release|Any CPU.Build.0 = Release|Any CPU
		{33FA0A32-7CEF-4223-A9EF-39B97E33878F}.Debug|Any CPU.ActiveCfg = Debug|Any CPU
		{33FA0A32-7CEF-4223-A9EF-39B97E33878F}.Debug|Any CPU.Build.0 = Debug|Any CPU
		{33FA0A32-7CEF-4223-A9EF-39B97E33878F}.Release|Any CPU.ActiveCfg = Release|Any CPU
		{33FA0A32-7CEF-4223-A9EF-39B97E33878F}.Release|Any CPU.Build.0 = Release|Any CPU
	EndGlobalSection
	GlobalSection(SolutionProperties) = preSolution
		HideSolutionNode = FALSE
	EndGlobalSection
	GlobalSection(NestedProjects) = preSolution
		{248FA102-E643-468C-8026-CCA3C01DAEE8} = {E907603C-BC6E-43D4-9646-37F43934FB79}
		{B206E9CB-ABEF-4650-8ED0-690E43E1AC9F} = {DA1A8E08-EF57-4102-A817-752EF0A025DB}
		{D4255303-3B18-4D26-A863-C2AE25FA4978} = {E907603C-BC6E-43D4-9646-37F43934FB79}
		{F3066267-D44A-4863-874A-0C00F371F160} = {DA1A8E08-EF57-4102-A817-752EF0A025DB}
		{92151501-491D-4F50-8E79-6F817A3FF5C7} = {E907603C-BC6E-43D4-9646-37F43934FB79}
		{5A1E3964-9527-43FC-975F-40583D14DF0D} = {E907603C-BC6E-43D4-9646-37F43934FB79}
		{33FA0A32-7CEF-4223-A9EF-39B97E33878F} = {E907603C-BC6E-43D4-9646-37F43934FB79}
	EndGlobalSection
EndGlobal
